
Microsoft Visual Studio Solution File, Format Version 12.00
# Visual Studio Version 17
VisualStudioVersion = 17.3.32929.385
MinimumVisualStudioVersion = 10.0.40219.1
Project("{FAE04EC0-301F-11D3-BF4B-00C04F79EFBC}") = "VShoesEShop", "VShoesEShop\VShoesEShop.csproj", "{4A755397-6327-442E-A540-252E9F08A25D}"
EndProject
Global
	GlobalSection(SolutionConfigurationPlatforms) = preSolution
		Debug|Any CPU = Debug|Any CPU
		Release|Any CPU = Release|Any CPU
	EndGlobalSection
	GlobalSection(ProjectConfigurationPlatforms) = postSolution
		{4A755397-6327-442E-A540-252E9F08A25D}.Debug|Any CPU.ActiveCfg = Debug|Any CPU
		{4A755397-6327-442E-A540-252E9F08A25D}.Debug|Any CPU.Build.0 = Debug|Any CPU
		{4A755397-6327-442E-A540-252E9F08A25D}.Release|Any CPU.ActiveCfg = Release|Any CPU
		{4A755397-6327-442E-A540-252E9F08A25D}.Release|Any CPU.Build.0 = Release|Any CPU
	EndGlobalSection
	GlobalSection(SolutionProperties) = preSolution
		HideSolutionNode = FALSE
	EndGlobalSection
	GlobalSection(ExtensibilityGlobals) = postSolution
		SolutionGuid = {5D3FDFEE-D201-4B2D-88EB-DCA74467C39C}
	EndGlobalSection
EndGlobal
